
Microsoft Visual Studio Solution File, Format Version 12.00
# Visual Studio Version 16
VisualStudioVersion = 16.0.30907.101
MinimumVisualStudioVersion = 10.0.40219.1
Project("{9A19103F-16F7-4668-BE54-9A1E7A4F7556}") = "Navis.SDK.Bluetracker.Reporting", "Navis.SDK.Bluetracker.Reporting\Navis.SDK.Bluetracker.Reporting.csproj", "{417A592D-A53F-4F27-9875-ABD6A777C52F}"
EndProject
Project("{2150E333-8FDC-42A3-9474-1A3956D46DE8}") = "Solution Items", "Solution Items", "{1754F34C-41E8-4DDF-8E5C-17CF3A0A310C}"
	ProjectSection(SolutionItems) = preProject
		azure-pipelines.yml = azure-pipelines.yml
		GitVersion.yml = GitVersion.yml
		NuGet.config = NuGet.config
		README.md = README.md
		version.props = version.props
	EndProjectSection
EndProject
Global
	GlobalSection(SolutionConfigurationPlatforms) = preSolution
		Debug|Any CPU = Debug|Any CPU
		Release|Any CPU = Release|Any CPU
	EndGlobalSection
	GlobalSection(ProjectConfigurationPlatforms) = postSolution
		{417A592D-A53F-4F27-9875-ABD6A777C52F}.Debug|Any CPU.ActiveCfg = Debug|Any CPU
		{417A592D-A53F-4F27-9875-ABD6A777C52F}.Debug|Any CPU.Build.0 = Debug|Any CPU
		{417A592D-A53F-4F27-9875-ABD6A777C52F}.Release|Any CPU.ActiveCfg = Release|Any CPU
		{417A592D-A53F-4F27-9875-ABD6A777C52F}.Release|Any CPU.Build.0 = Release|Any CPU
	EndGlobalSection
	GlobalSection(SolutionProperties) = preSolution
		HideSolutionNode = FALSE
	EndGlobalSection
	GlobalSection(ExtensibilityGlobals) = postSolution
		SolutionGuid = {4E6544FB-761E-4E8C-9F3B-CBB88F79534D}
	EndGlobalSection
EndGlobal
